// !$*UTF8*$!
{
	archiveVersion = 1;
	classes = {
	};
	objectVersion = 46;
	objects = {

/* Begin PBXBuildFile section */
		3934A6711A65D74100F843A7 /* AppDelegate.swift in Sources */ = {isa = PBXBuildFile; fileRef = 3934A6701A65D74100F843A7 /* AppDelegate.swift */; };
		3934A6741A65D74100F843A7 /* Lilt.xcdatamodeld in Sources */ = {isa = PBXBuildFile; fileRef = 3934A6721A65D74100F843A7 /* Lilt.xcdatamodeld */; };
		3934A6761A65D74100F843A7 /* ViewController.swift in Sources */ = {isa = PBXBuildFile; fileRef = 3934A6751A65D74100F843A7 /* ViewController.swift */; };
		3934A6791A65D74100F843A7 /* Main.storyboard in Resources */ = {isa = PBXBuildFile; fileRef = 3934A6771A65D74100F843A7 /* Main.storyboard */; };
		3934A67B1A65D74100F843A7 /* Images.xcassets in Resources */ = {isa = PBXBuildFile; fileRef = 3934A67A1A65D74100F843A7 /* Images.xcassets */; };
		3934A67E1A65D74100F843A7 /* LaunchScreen.xib in Resources */ = {isa = PBXBuildFile; fileRef = 3934A67C1A65D74100F843A7 /* LaunchScreen.xib */; };
		3934A68A1A65D74100F843A7 /* LiltTests.swift in Sources */ = {isa = PBXBuildFile; fileRef = 3934A6891A65D74100F843A7 /* LiltTests.swift */; };
		3934A6941A65D7E300F843A7 /* AVFoundation.framework in Frameworks */ = {isa = PBXBuildFile; fileRef = 3934A6931A65D7E300F843A7 /* AVFoundation.framework */; };
		398EFD991A771478004F3C86 /* SwirlyBarView.swift in Sources */ = {isa = PBXBuildFile; fileRef = 398EFD981A771478004F3C86 /* SwirlyBarView.swift */; };
		39F1B4F51A6624AE004B48F5 /* AudioToolbox.framework in Frameworks */ = {isa = PBXBuildFile; fileRef = 39F1B4F41A6624AE004B48F5 /* AudioToolbox.framework */; };
		39F1B4F71A6624B6004B48F5 /* Accelerate.framework in Frameworks */ = {isa = PBXBuildFile; fileRef = 39F1B4F61A6624B6004B48F5 /* Accelerate.framework */; };
		39F1B5001A689A11004B48F5 /* TPOscilloscopeLayer.m in Sources */ = {isa = PBXBuildFile; fileRef = 39F1B4FF1A689A11004B48F5 /* TPOscilloscopeLayer.m */; };
		BDC2CEC110E1DE650A157E06 /* libPods-LiltTests.a in Frameworks */ = {isa = PBXBuildFile; fileRef = A8D0854ADD8038E49A6720C3 /* libPods-LiltTests.a */; };
		F8AAE307E6A5CCC40946DF34 /* libPods-Lilt.a in Frameworks */ = {isa = PBXBuildFile; fileRef = 28954AF6653A468A231968EA /* libPods-Lilt.a */; };
/* End PBXBuildFile section */

/* Begin PBXContainerItemProxy section */
		3934A6841A65D74100F843A7 /* PBXContainerItemProxy */ = {
			isa = PBXContainerItemProxy;
			containerPortal = 3934A6631A65D74100F843A7 /* Project object */;
			proxyType = 1;
			remoteGlobalIDString = 3934A66A1A65D74100F843A7;
			remoteInfo = Lilt;
		};
/* End PBXContainerItemProxy section */

/* Begin PBXFileReference section */
		28954AF6653A468A231968EA /* libPods-Lilt.a */ = {isa = PBXFileReference; explicitFileType = archive.ar; includeInIndex = 0; path = "libPods-Lilt.a"; sourceTree = BUILT_PRODUCTS_DIR; };
		3934A66B1A65D74100F843A7 /* Lilt.app */ = {isa = PBXFileReference; explicitFileType = wrapper.application; includeInIndex = 0; path = Lilt.app; sourceTree = BUILT_PRODUCTS_DIR; };
		3934A66F1A65D74100F843A7 /* Info.plist */ = {isa = PBXFileReference; lastKnownFileType = text.plist.xml; path = Info.plist; sourceTree = "<group>"; };
		3934A6701A65D74100F843A7 /* AppDelegate.swift */ = {isa = PBXFileReference; lastKnownFileType = sourcecode.swift; path = AppDelegate.swift; sourceTree = "<group>"; };
		3934A6731A65D74100F843A7 /* Lilt.xcdatamodel */ = {isa = PBXFileReference; lastKnownFileType = wrapper.xcdatamodel; path = Lilt.xcdatamodel; sourceTree = "<group>"; };
		3934A6751A65D74100F843A7 /* ViewController.swift */ = {isa = PBXFileReference; lastKnownFileType = sourcecode.swift; path = ViewController.swift; sourceTree = "<group>"; };
		3934A6781A65D74100F843A7 /* Base */ = {isa = PBXFileReference; lastKnownFileType = file.storyboard; name = Base; path = Base.lproj/Main.storyboard; sourceTree = "<group>"; };
		3934A67A1A65D74100F843A7 /* Images.xcassets */ = {isa = PBXFileReference; lastKnownFileType = folder.assetcatalog; path = Images.xcassets; sourceTree = "<group>"; };
		3934A67D1A65D74100F843A7 /* Base */ = {isa = PBXFileReference; lastKnownFileType = file.xib; name = Base; path = Base.lproj/LaunchScreen.xib; sourceTree = "<group>"; };
		3934A6831A65D74100F843A7 /* LiltTests.xctest */ = {isa = PBXFileReference; explicitFileType = wrapper.cfbundle; includeInIndex = 0; path = LiltTests.xctest; sourceTree = BUILT_PRODUCTS_DIR; };
		3934A6881A65D74100F843A7 /* Info.plist */ = {isa = PBXFileReference; lastKnownFileType = text.plist.xml; path = Info.plist; sourceTree = "<group>"; };
		3934A6891A65D74100F843A7 /* LiltTests.swift */ = {isa = PBXFileReference; lastKnownFileType = sourcecode.swift; path = LiltTests.swift; sourceTree = "<group>"; };
		3934A6931A65D7E300F843A7 /* AVFoundation.framework */ = {isa = PBXFileReference; lastKnownFileType = wrapper.framework; name = AVFoundation.framework; path = System/Library/Frameworks/AVFoundation.framework; sourceTree = SDKROOT; };
		398EFD981A771478004F3C86 /* SwirlyBarView.swift */ = {isa = PBXFileReference; fileEncoding = 4; lastKnownFileType = sourcecode.swift; path = SwirlyBarView.swift; sourceTree = "<group>"; };
		39F1B4F01A662181004B48F5 /* Lilt-Bridging-Header.h */ = {isa = PBXFileReference; lastKnownFileType = sourcecode.c.h; path = "Lilt-Bridging-Header.h"; sourceTree = "<group>"; };
		39F1B4F41A6624AE004B48F5 /* AudioToolbox.framework */ = {isa = PBXFileReference; lastKnownFileType = wrapper.framework; name = AudioToolbox.framework; path = System/Library/Frameworks/AudioToolbox.framework; sourceTree = SDKROOT; };
		39F1B4F61A6624B6004B48F5 /* Accelerate.framework */ = {isa = PBXFileReference; lastKnownFileType = wrapper.framework; name = Accelerate.framework; path = System/Library/Frameworks/Accelerate.framework; sourceTree = SDKROOT; };
		39F1B4FE1A689A11004B48F5 /* TPOscilloscopeLayer.h */ = {isa = PBXFileReference; fileEncoding = 4; lastKnownFileType = sourcecode.c.h; path = TPOscilloscopeLayer.h; sourceTree = "<group>"; };
		39F1B4FF1A689A11004B48F5 /* TPOscilloscopeLayer.m */ = {isa = PBXFileReference; fileEncoding = 4; lastKnownFileType = sourcecode.c.objc; path = TPOscilloscopeLayer.m; sourceTree = "<group>"; };
		48624A1BC67EBA43EA61D9D4 /* Pods-Lilt.release.xcconfig */ = {isa = PBXFileReference; includeInIndex = 1; lastKnownFileType = text.xcconfig; name = "Pods-Lilt.release.xcconfig"; path = "Pods/Target Support Files/Pods-Lilt/Pods-Lilt.release.xcconfig"; sourceTree = "<group>"; };
		965A6D2E33CFED118E97278E /* Pods-LiltTests.release.xcconfig */ = {isa = PBXFileReference; includeInIndex = 1; lastKnownFileType = text.xcconfig; name = "Pods-LiltTests.release.xcconfig"; path = "Pods/Target Support Files/Pods-LiltTests/Pods-LiltTests.release.xcconfig"; sourceTree = "<group>"; };
		9963B44542316E7BF5989DE8 /* Pods-Lilt.debug.xcconfig */ = {isa = PBXFileReference; includeInIndex = 1; lastKnownFileType = text.xcconfig; name = "Pods-Lilt.debug.xcconfig"; path = "Pods/Target Support Files/Pods-Lilt/Pods-Lilt.debug.xcconfig"; sourceTree = "<group>"; };
		A1F57B42F00DF1C5ED7CC063 /* Pods-LiltTests.debug.xcconfig */ = {isa = PBXFileReference; includeInIndex = 1; lastKnownFileType = text.xcconfig; name = "Pods-LiltTests.debug.xcconfig"; path = "Pods/Target Support Files/Pods-LiltTests/Pods-LiltTests.debug.xcconfig"; sourceTree = "<group>"; };
		A8D0854ADD8038E49A6720C3 /* libPods-LiltTests.a */ = {isa = PBXFileReference; explicitFileType = archive.ar; includeInIndex = 0; path = "libPods-LiltTests.a"; sourceTree = BUILT_PRODUCTS_DIR; };
/* End PBXFileReference section */

/* Begin PBXFrameworksBuildPhase section */
		3934A6681A65D74100F843A7 /* Frameworks */ = {
			isa = PBXFrameworksBuildPhase;
			buildActionMask = 2147483647;
			files = (
				39F1B4F71A6624B6004B48F5 /* Accelerate.framework in Frameworks */,
				39F1B4F51A6624AE004B48F5 /* AudioToolbox.framework in Frameworks */,
				3934A6941A65D7E300F843A7 /* AVFoundation.framework in Frameworks */,
				F8AAE307E6A5CCC40946DF34 /* libPods-Lilt.a in Frameworks */,
			);
			runOnlyForDeploymentPostprocessing = 0;
		};
		3934A6801A65D74100F843A7 /* Frameworks */ = {
			isa = PBXFrameworksBuildPhase;
			buildActionMask = 2147483647;
			files = (
				BDC2CEC110E1DE650A157E06 /* libPods-LiltTests.a in Frameworks */,
			);
			runOnlyForDeploymentPostprocessing = 0;
		};
/* End PBXFrameworksBuildPhase section */

/* Begin PBXGroup section */
		3934A6621A65D74100F843A7 = {
			isa = PBXGroup;
			children = (
				3934A66D1A65D74100F843A7 /* Lilt */,
				3934A6861A65D74100F843A7 /* LiltTests */,
				3934A66C1A65D74100F843A7 /* Products */,
				3ED7657C7253AFFDABE3883B /* Frameworks */,
				C99DDE821784BACB65A6FD5B /* Pods */,
			);
			sourceTree = "<group>";
		};
		3934A66C1A65D74100F843A7 /* Products */ = {
			isa = PBXGroup;
			children = (
				3934A66B1A65D74100F843A7 /* Lilt.app */,
				3934A6831A65D74100F843A7 /* LiltTests.xctest */,
			);
			name = Products;
			sourceTree = "<group>";
		};
		3934A66D1A65D74100F843A7 /* Lilt */ = {
			isa = PBXGroup;
			children = (
				39F1B5011A689A1D004B48F5 /* AudioEngine */,
				3934A6701A65D74100F843A7 /* AppDelegate.swift */,
				3934A6751A65D74100F843A7 /* ViewController.swift */,
				398EFD981A771478004F3C86 /* SwirlyBarView.swift */,
				3934A6771A65D74100F843A7 /* Main.storyboard */,
				3934A67A1A65D74100F843A7 /* Images.xcassets */,
				3934A67C1A65D74100F843A7 /* LaunchScreen.xib */,
				3934A6721A65D74100F843A7 /* Lilt.xcdatamodeld */,
				3934A66E1A65D74100F843A7 /* Supporting Files */,
				39F1B4F01A662181004B48F5 /* Lilt-Bridging-Header.h */,
			);
			path = Lilt;
			sourceTree = "<group>";
		};
		3934A66E1A65D74100F843A7 /* Supporting Files */ = {
			isa = PBXGroup;
			children = (
				3934A66F1A65D74100F843A7 /* Info.plist */,
			);
			name = "Supporting Files";
			sourceTree = "<group>";
		};
		3934A6861A65D74100F843A7 /* LiltTests */ = {
			isa = PBXGroup;
			children = (
				3934A6891A65D74100F843A7 /* LiltTests.swift */,
				3934A6871A65D74100F843A7 /* Supporting Files */,
			);
			path = LiltTests;
			sourceTree = "<group>";
		};
		3934A6871A65D74100F843A7 /* Supporting Files */ = {
			isa = PBXGroup;
			children = (
				3934A6881A65D74100F843A7 /* Info.plist */,
			);
			name = "Supporting Files";
			sourceTree = "<group>";
		};
		39F1B5011A689A1D004B48F5 /* AudioEngine */ = {
			isa = PBXGroup;
			children = (
				39F1B4FE1A689A11004B48F5 /* TPOscilloscopeLayer.h */,
				39F1B4FF1A689A11004B48F5 /* TPOscilloscopeLayer.m */,
			);
			name = AudioEngine;
			sourceTree = "<group>";
		};
		3ED7657C7253AFFDABE3883B /* Frameworks */ = {
			isa = PBXGroup;
			children = (
				39F1B4F61A6624B6004B48F5 /* Accelerate.framework */,
				39F1B4F41A6624AE004B48F5 /* AudioToolbox.framework */,
				3934A6931A65D7E300F843A7 /* AVFoundation.framework */,
				28954AF6653A468A231968EA /* libPods-Lilt.a */,
				A8D0854ADD8038E49A6720C3 /* libPods-LiltTests.a */,
			);
			name = Frameworks;
			sourceTree = "<group>";
		};
		C99DDE821784BACB65A6FD5B /* Pods */ = {
			isa = PBXGroup;
			children = (
				9963B44542316E7BF5989DE8 /* Pods-Lilt.debug.xcconfig */,
				48624A1BC67EBA43EA61D9D4 /* Pods-Lilt.release.xcconfig */,
				A1F57B42F00DF1C5ED7CC063 /* Pods-LiltTests.debug.xcconfig */,
				965A6D2E33CFED118E97278E /* Pods-LiltTests.release.xcconfig */,
			);
			name = Pods;
			sourceTree = "<group>";
		};
/* End PBXGroup section */

/* Begin PBXNativeTarget section */
		3934A66A1A65D74100F843A7 /* Lilt */ = {
			isa = PBXNativeTarget;
			buildConfigurationList = 3934A68D1A65D74100F843A7 /* Build configuration list for PBXNativeTarget "Lilt" */;
			buildPhases = (
				F660D91D6261E7612DF53887 /* [CP] Check Pods Manifest.lock */,
				3934A6671A65D74100F843A7 /* Sources */,
				3934A6681A65D74100F843A7 /* Frameworks */,
				3934A6691A65D74100F843A7 /* Resources */,
				F5DC51BE51C6198D351B804D /* [CP] Embed Pods Frameworks */,
				E389A62EDF0FDEB02ADFEA62 /* [CP] Copy Pods Resources */,
			);
			buildRules = (
			);
			dependencies = (
			);
			name = Lilt;
			productName = Lilt;
			productReference = 3934A66B1A65D74100F843A7 /* Lilt.app */;
			productType = "com.apple.product-type.application";
		};
		3934A6821A65D74100F843A7 /* LiltTests */ = {
			isa = PBXNativeTarget;
			buildConfigurationList = 3934A6901A65D74100F843A7 /* Build configuration list for PBXNativeTarget "LiltTests" */;
			buildPhases = (
				8519FC2E988618820C8AB1B3 /* [CP] Check Pods Manifest.lock */,
				3934A67F1A65D74100F843A7 /* Sources */,
				3934A6801A65D74100F843A7 /* Frameworks */,
				3934A6811A65D74100F843A7 /* Resources */,
				61D02205852F9EF45A7FAA9A /* [CP] Embed Pods Frameworks */,
				81F61028CF42B5DA0072A161 /* [CP] Copy Pods Resources */,
			);
			buildRules = (
			);
			dependencies = (
				3934A6851A65D74100F843A7 /* PBXTargetDependency */,
			);
			name = LiltTests;
			productName = LiltTests;
			productReference = 3934A6831A65D74100F843A7 /* LiltTests.xctest */;
			productType = "com.apple.product-type.bundle.unit-test";
		};
/* End PBXNativeTarget section */

/* Begin PBXProject section */
		3934A6631A65D74100F843A7 /* Project object */ = {
			isa = PBXProject;
			attributes = {
				LastSwiftMigration = 0730;
				LastSwiftUpdateCheck = 0730;
				LastUpgradeCheck = 0610;
				ORGANIZATIONNAME = June;
				TargetAttributes = {
					3934A66A1A65D74100F843A7 = {
						CreatedOnToolsVersion = 6.1.1;
					};
					3934A6821A65D74100F843A7 = {
						CreatedOnToolsVersion = 6.1.1;
						TestTargetID = 3934A66A1A65D74100F843A7;
					};
				};
			};
			buildConfigurationList = 3934A6661A65D74100F843A7 /* Build configuration list for PBXProject "Lilt" */;
			compatibilityVersion = "Xcode 3.2";
			developmentRegion = English;
			hasScannedForEncodings = 0;
			knownRegions = (
				en,
				Base,
			);
			mainGroup = 3934A6621A65D74100F843A7;
			productRefGroup = 3934A66C1A65D74100F843A7 /* Products */;
			projectDirPath = "";
			projectRoot = "";
			targets = (
				3934A66A1A65D74100F843A7 /* Lilt */,
				3934A6821A65D74100F843A7 /* LiltTests */,
			);
		};
/* End PBXProject section */

/* Begin PBXResourcesBuildPhase section */
		3934A6691A65D74100F843A7 /* Resources */ = {
			isa = PBXResourcesBuildPhase;
			buildActionMask = 2147483647;
			files = (
				3934A6791A65D74100F843A7 /* Main.storyboard in Resources */,
				3934A67E1A65D74100F843A7 /* LaunchScreen.xib in Resources */,
				3934A67B1A65D74100F843A7 /* Images.xcassets in Resources */,
			);
			runOnlyForDeploymentPostprocessing = 0;
		};
		3934A6811A65D74100F843A7 /* Resources */ = {
			isa = PBXResourcesBuildPhase;
			buildActionMask = 2147483647;
			files = (
			);
			runOnlyForDeploymentPostprocessing = 0;
		};
/* End PBXResourcesBuildPhase section */

/* Begin PBXShellScriptBuildPhase section */
		61D02205852F9EF45A7FAA9A /* [CP] Embed Pods Frameworks */ = {
			isa = PBXShellScriptBuildPhase;
			buildActionMask = 2147483647;
			files = (
			);
			inputPaths = (
			);
			name = "[CP] Embed Pods Frameworks";
			outputPaths = (
			);
			runOnlyForDeploymentPostprocessing = 0;
			shellPath = /bin/sh;
			shellScript = "\"${SRCROOT}/Pods/Target Support Files/Pods-LiltTests/Pods-LiltTests-frameworks.sh\"\n";
			showEnvVarsInLog = 0;
		};
		81F61028CF42B5DA0072A161 /* [CP] Copy Pods Resources */ = {
			isa = PBXShellScriptBuildPhase;
			buildActionMask = 2147483647;
			files = (
			);
			inputPaths = (
			);
			name = "[CP] Copy Pods Resources";
			outputPaths = (
			);
			runOnlyForDeploymentPostprocessing = 0;
			shellPath = /bin/sh;
			shellScript = "\"${SRCROOT}/Pods/Target Support Files/Pods-LiltTests/Pods-LiltTests-resources.sh\"\n";
			showEnvVarsInLog = 0;
		};
		8519FC2E988618820C8AB1B3 /* [CP] Check Pods Manifest.lock */ = {
			isa = PBXShellScriptBuildPhase;
			buildActionMask = 2147483647;
			files = (
			);
			inputPaths = (
			);
			name = "[CP] Check Pods Manifest.lock";
			outputPaths = (
			);
			runOnlyForDeploymentPostprocessing = 0;
			shellPath = /bin/sh;
			shellScript = "diff \"${PODS_ROOT}/../Podfile.lock\" \"${PODS_ROOT}/Manifest.lock\" > /dev/null\nif [[ $? != 0 ]] ; then\n    cat << EOM\nerror: The sandbox is not in sync with the Podfile.lock. Run 'pod install' or update your CocoaPods installation.\nEOM\n    exit 1\nfi\n";
			showEnvVarsInLog = 0;
		};
		E389A62EDF0FDEB02ADFEA62 /* [CP] Copy Pods Resources */ = {
			isa = PBXShellScriptBuildPhase;
			buildActionMask = 2147483647;
			files = (
			);
			inputPaths = (
			);
			name = "[CP] Copy Pods Resources";
			outputPaths = (
			);
			runOnlyForDeploymentPostprocessing = 0;
			shellPath = /bin/sh;
			shellScript = "\"${SRCROOT}/Pods/Target Support Files/Pods-Lilt/Pods-Lilt-resources.sh\"\n";
			showEnvVarsInLog = 0;
		};
		F5DC51BE51C6198D351B804D /* [CP] Embed Pods Frameworks */ = {
			isa = PBXShellScriptBuildPhase;
			buildActionMask = 2147483647;
			files = (
			);
			inputPaths = (
			);
			name = "[CP] Embed Pods Frameworks";
			outputPaths = (
			);
			runOnlyForDeploymentPostprocessing = 0;
			shellPath = /bin/sh;
			shellScript = "\"${SRCROOT}/Pods/Target Support Files/Pods-Lilt/Pods-Lilt-frameworks.sh\"\n";
			showEnvVarsInLog = 0;
		};
		F660D91D6261E7612DF53887 /* [CP] Check Pods Manifest.lock */ = {
			isa = PBXShellScriptBuildPhase;
			buildActionMask = 2147483647;
			files = (
			);
			inputPaths = (
			);
			name = "[CP] Check Pods Manifest.lock";
			outputPaths = (
			);
			runOnlyForDeploymentPostprocessing = 0;
			shellPath = /bin/sh;
			shellScript = "diff \"${PODS_ROOT}/../Podfile.lock\" \"${PODS_ROOT}/Manifest.lock\" > /dev/null\nif [[ $? != 0 ]] ; then\n    cat << EOM\nerror: The sandbox is not in sync with the Podfile.lock. Run 'pod install' or update your CocoaPods installation.\nEOM\n    exit 1\nfi\n";
			showEnvVarsInLog = 0;
		};
/* End PBXShellScriptBuildPhase section */

/* Begin PBXSourcesBuildPhase section */
		3934A6671A65D74100F843A7 /* Sources */ = {
			isa = PBXSourcesBuildPhase;
			buildActionMask = 2147483647;
			files = (
				39F1B5001A689A11004B48F5 /* TPOscilloscopeLayer.m in Sources */,
				3934A6761A65D74100F843A7 /* ViewController.swift in Sources */,
				398EFD991A771478004F3C86 /* SwirlyBarView.swift in Sources */,
				3934A6741A65D74100F843A7 /* Lilt.xcdatamodeld in Sources */,
				3934A6711A65D74100F843A7 /* AppDelegate.swift in Sources */,
			);
			runOnlyForDeploymentPostprocessing = 0;
		};
		3934A67F1A65D74100F843A7 /* Sources */ = {
			isa = PBXSourcesBuildPhase;
			buildActionMask = 2147483647;
			files = (
				3934A68A1A65D74100F843A7 /* LiltTests.swift in Sources */,
			);
			runOnlyForDeploymentPostprocessing = 0;
		};
/* End PBXSourcesBuildPhase section */

/* Begin PBXTargetDependency section */
		3934A6851A65D74100F843A7 /* PBXTargetDependency */ = {
			isa = PBXTargetDependency;
			target = 3934A66A1A65D74100F843A7 /* Lilt */;
			targetProxy = 3934A6841A65D74100F843A7 /* PBXContainerItemProxy */;
		};
/* End PBXTargetDependency section */

/* Begin PBXVariantGroup section */
		3934A6771A65D74100F843A7 /* Main.storyboard */ = {
			isa = PBXVariantGroup;
			children = (
				3934A6781A65D74100F843A7 /* Base */,
			);
			name = Main.storyboard;
			sourceTree = "<group>";
		};
		3934A67C1A65D74100F843A7 /* LaunchScreen.xib */ = {
			isa = PBXVariantGroup;
			children = (
				3934A67D1A65D74100F843A7 /* Base */,
			);
			name = LaunchScreen.xib;
			sourceTree = "<group>";
		};
/* End PBXVariantGroup section */

/* Begin XCBuildConfiguration section */
		3934A68B1A65D74100F843A7 /* Debug */ = {
			isa = XCBuildConfiguration;
			buildSettings = {
				ALWAYS_SEARCH_USER_PATHS = NO;
				CLANG_CXX_LANGUAGE_STANDARD = "gnu++0x";
				CLANG_CXX_LIBRARY = "libc++";
				CLANG_ENABLE_MODULES = YES;
				CLANG_ENABLE_OBJC_ARC = YES;
				CLANG_WARN_BOOL_CONVERSION = YES;
				CLANG_WARN_CONSTANT_CONVERSION = YES;
				CLANG_WARN_DIRECT_OBJC_ISA_USAGE = YES_ERROR;
				CLANG_WARN_EMPTY_BODY = YES;
				CLANG_WARN_ENUM_CONVERSION = YES;
				CLANG_WARN_INT_CONVERSION = YES;
				CLANG_WARN_OBJC_ROOT_CLASS = YES_ERROR;
				CLANG_WARN_UNREACHABLE_CODE = YES;
				CLANG_WARN__DUPLICATE_METHOD_MATCH = YES;
				"CODE_SIGN_IDENTITY[sdk=iphoneos*]" = "iPhone Developer";
				COPY_PHASE_STRIP = NO;
				ENABLE_STRICT_OBJC_MSGSEND = YES;
				GCC_C_LANGUAGE_STANDARD = gnu99;
				GCC_DYNAMIC_NO_PIC = NO;
				GCC_OPTIMIZATION_LEVEL = 0;
				GCC_PREPROCESSOR_DEFINITIONS = (
					"DEBUG=1",
					"$(inherited)",
				);
				GCC_SYMBOLS_PRIVATE_EXTERN = NO;
				GCC_WARN_64_TO_32_BIT_CONVERSION = YES;
				GCC_WARN_ABOUT_RETURN_TYPE = YES_ERROR;
				GCC_WARN_UNDECLARED_SELECTOR = YES;
				GCC_WARN_UNINITIALIZED_AUTOS = YES_AGGRESSIVE;
				GCC_WARN_UNUSED_FUNCTION = YES;
				GCC_WARN_UNUSED_VARIABLE = YES;
				IPHONEOS_DEPLOYMENT_TARGET = 8.1;
				MTL_ENABLE_DEBUG_INFO = YES;
				ONLY_ACTIVE_ARCH = YES;
				SDKROOT = iphoneos;
				SWIFT_OPTIMIZATION_LEVEL = "-Onone";
			};
			name = Debug;
		};
		3934A68C1A65D74100F843A7 /* Release */ = {
			isa = XCBuildConfiguration;
			buildSettings = {
				ALWAYS_SEARCH_USER_PATHS = NO;
				CLANG_CXX_LANGUAGE_STANDARD = "gnu++0x";
				CLANG_CXX_LIBRARY = "libc++";
				CLANG_ENABLE_MODULES = YES;
				CLANG_ENABLE_OBJC_ARC = YES;
				CLANG_WARN_BOOL_CONVERSION = YES;
				CLANG_WARN_CONSTANT_CONVERSION = YES;
				CLANG_WARN_DIRECT_OBJC_ISA_USAGE = YES_ERROR;
				CLANG_WARN_EMPTY_BODY = YES;
				CLANG_WARN_ENUM_CONVERSION = YES;
				CLANG_WARN_INT_CONVERSION = YES;
				CLANG_WARN_OBJC_ROOT_CLASS = YES_ERROR;
				CLANG_WARN_UNREACHABLE_CODE = YES;
				CLANG_WARN__DUPLICATE_METHOD_MATCH = YES;
				"CODE_SIGN_IDENTITY[sdk=iphoneos*]" = "iPhone Developer";
				COPY_PHASE_STRIP = YES;
				ENABLE_NS_ASSERTIONS = NO;
				ENABLE_STRICT_OBJC_MSGSEND = YES;
				GCC_C_LANGUAGE_STANDARD = gnu99;
				GCC_WARN_64_TO_32_BIT_CONVERSION = YES;
				GCC_WARN_ABOUT_RETURN_TYPE = YES_ERROR;
				GCC_WARN_UNDECLARED_SELECTOR = YES;
				GCC_WARN_UNINITIALIZED_AUTOS = YES_AGGRESSIVE;
				GCC_WARN_UNUSED_FUNCTION = YES;
				GCC_WARN_UNUSED_VARIABLE = YES;
				IPHONEOS_DEPLOYMENT_TARGET = 8.1;
				MTL_ENABLE_DEBUG_INFO = NO;
				SDKROOT = iphoneos;
				VALIDATE_PRODUCT = YES;
			};
			name = Release;
		};
		3934A68E1A65D74100F843A7 /* Debug */ = {
			isa = XCBuildConfiguration;
			baseConfigurationReference = 9963B44542316E7BF5989DE8 /* Pods-Lilt.debug.xcconfig */;
			buildSettings = {
				ASSETCATALOG_COMPILER_APPICON_NAME = AppIcon;
				CLANG_ENABLE_MODULES = YES;
				INFOPLIST_FILE = Lilt/Info.plist;
				LD_RUNPATH_SEARCH_PATHS = "$(inherited) @executable_path/Frameworks";
				PRODUCT_NAME = "$(TARGET_NAME)";
				SWIFT_OBJC_BRIDGING_HEADER = "Lilt/Lilt-Bridging-Header.h";
				SWIFT_OPTIMIZATION_LEVEL = "-Onone";
			};
			name = Debug;
		};
		3934A68F1A65D74100F843A7 /* Release */ = {
			isa = XCBuildConfiguration;
			baseConfigurationReference = 48624A1BC67EBA43EA61D9D4 /* Pods-Lilt.release.xcconfig */;
			buildSettings = {
				ASSETCATALOG_COMPILER_APPICON_NAME = AppIcon;
				CLANG_ENABLE_MODULES = YES;
				INFOPLIST_FILE = Lilt/Info.plist;
				LD_RUNPATH_SEARCH_PATHS = "$(inherited) @executable_path/Frameworks";
				PRODUCT_NAME = "$(TARGET_NAME)";
				SWIFT_OBJC_BRIDGING_HEADER = "Lilt/Lilt-Bridging-Header.h";
			};
			name = Release;
		};
		3934A6911A65D74100F843A7 /* Debug */ = {
			isa = XCBuildConfiguration;
			baseConfigurationReference = A1F57B42F00DF1C5ED7CC063 /* Pods-LiltTests.debug.xcconfig */;
			buildSettings = {
				BUNDLE_LOADER = "$(TEST_HOST)";
				FRAMEWORK_SEARCH_PATHS = (
					"$(SDKROOT)/Developer/Library/Frameworks",
					"$(inherited)",
				);
				GCC_PREPROCESSOR_DEFINITIONS = (
					"DEBUG=1",
					"$(inherited)",
				);
				INFOPLIST_FILE = LiltTests/Info.plist;
				LD_RUNPATH_SEARCH_PATHS = "$(inherited) @executable_path/Frameworks @loader_path/Frameworks";
				PRODUCT_NAME = "$(TARGET_NAME)";
				TEST_HOST = "$(BUILT_PRODUCTS_DIR)/Lilt.app/Lilt";
			};
			name = Debug;
		};
		3934A6921A65D74100F843A7 /* Release */ = {
			isa = XCBuildConfiguration;
			baseConfigurationReference = 965A6D2E33CFED118E97278E /* Pods-LiltTests.release.xcconfig */;
			buildSettings = {
				BUNDLE_LOADER = "$(TEST_HOST)";
				FRAMEWORK_SEARCH_PATHS = (
					"$(SDKROOT)/Developer/Library/Frameworks",
					"$(inherited)",
				);
				INFOPLIST_FILE = LiltTests/Info.plist;
				LD_RUNPATH_SEARCH_PATHS = "$(inherited) @executable_path/Frameworks @loader_path/Frameworks";
				PRODUCT_NAME = "$(TARGET_NAME)";
				TEST_HOST = "$(BUILT_PRODUCTS_DIR)/Lilt.app/Lilt";
			};
			name = Release;
		};
/* End XCBuildConfiguration section */

/* Begin XCConfigurationList section */
		3934A6661A65D74100F843A7 /* Build configuration list for PBXProject "Lilt" */ = {
			isa = XCConfigurationList;
			buildConfigurations = (
				3934A68B1A65D74100F843A7 /* Debug */,
				3934A68C1A65D74100F843A7 /* Release */,
			);
			defaultConfigurationIsVisible = 0;
			defaultConfigurationName = Release;
		};
		3934A68D1A65D74100F843A7 /* Build configuration list for PBXNativeTarget "Lilt" */ = {
			isa = XCConfigurationList;
			buildConfigurations = (
				3934A68E1A65D74100F843A7 /* Debug */,
				3934A68F1A65D74100F843A7 /* Release */,
			);
			defaultConfigurationIsVisible = 0;
			defaultConfigurationName = Release;
		};
		3934A6901A65D74100F843A7 /* Build configuration list for PBXNativeTarget "LiltTests" */ = {
			isa = XCConfigurationList;
			buildConfigurations = (
				3934A6911A65D74100F843A7 /* Debug */,
				3934A6921A65D74100F843A7 /* Release */,
			);
			defaultConfigurationIsVisible = 0;
			defaultConfigurationName = Release;
		};
/* End XCConfigurationList section */

/* Begin XCVersionGroup section */
		3934A6721A65D74100F843A7 /* Lilt.xcdatamodeld */ = {
			isa = XCVersionGroup;
			children = (
				3934A6731A65D74100F843A7 /* Lilt.xcdatamodel */,
			);
			currentVersion = 3934A6731A65D74100F843A7 /* Lilt.xcdatamodel */;
			path = Lilt.xcdatamodeld;
			sourceTree = "<group>";
			versionGroupType = wrapper.xcdatamodel;
		};
/* End XCVersionGroup section */
	};
	rootObject = 3934A6631A65D74100F843A7 /* Project object */;
}
